
Microsoft Visual Studio Solution File, Format Version 12.00
# Visual Studio Version 17
VisualStudioVersion = 17.14.36401.2
MinimumVisualStudioVersion = 10.0.40219.1
Project("{FAE04EC0-301F-11D3-BF4B-00C04F79EFBC}") = "eval", "eval.csproj", "{96B4B26C-C98D-4D15-956B-DD6CB143AD05}"
EndProject
Project("{2150E333-8FDC-42A3-9474-1A3956D46DE8}") = "Elementos de la solución", "Elementos de la solución", "{D107F4C8-89CC-BEA8-D3D7-CA6B7733353D}"
	ProjectSection(SolutionItems) = preProject
		text.gitignore = text.gitignore
	EndProjectSection
EndProject
Global
	GlobalSection(SolutionConfigurationPlatforms) = preSolution
		Debug|Any CPU = Debug|Any CPU
		Release|Any CPU = Release|Any CPU
	EndGlobalSection
	GlobalSection(ProjectConfigurationPlatforms) = postSolution
		{96B4B26C-C98D-4D15-956B-DD6CB143AD05}.Debug|Any CPU.ActiveCfg = Debug|Any CPU
		{96B4B26C-C98D-4D15-956B-DD6CB143AD05}.Debug|Any CPU.Build.0 = Debug|Any CPU
		{96B4B26C-C98D-4D15-956B-DD6CB143AD05}.Release|Any CPU.ActiveCfg = Release|Any CPU
		{96B4B26C-C98D-4D15-956B-DD6CB143AD05}.Release|Any CPU.Build.0 = Release|Any CPU
	EndGlobalSection
	GlobalSection(SolutionProperties) = preSolution
		HideSolutionNode = FALSE
	EndGlobalSection
	GlobalSection(ExtensibilityGlobals) = postSolution
		SolutionGuid = {E0013926-8312-4451-B8B5-B518BE709190}
	EndGlobalSection
EndGlobal
